
Microsoft Visual Studio Solution File, Format Version 12.00
# Visual Studio Version 17
VisualStudioVersion = 17.3.32929.385
MinimumVisualStudioVersion = 10.0.40219.1
Project("{9A19103F-16F7-4668-BE54-9A1E7A4F7556}") = "EcommerceBook", "EcommerceBook\EcommerceBook.csproj", "{EB1CFD52-4B81-401E-AE46-52FC6FC1F1F6}"
EndProject
Project("{FAE04EC0-301F-11D3-BF4B-00C04F79EFBC}") = "OnlineBook.DataAccess", "OnlineBook.DataAccess\OnlineBook.DataAccess.csproj", "{248C2F42-99EC-4090-A59F-3CF7FA8E1349}"
EndProject
Project("{FAE04EC0-301F-11D3-BF4B-00C04F79EFBC}") = "OnlineBook.Models", "OnlineBook.Models\OnlineBook.Models.csproj", "{781FE5BB-644B-445B-B843-A42F8A464A02}"
EndProject
Project("{FAE04EC0-301F-11D3-BF4B-00C04F79EFBC}") = "OnlineBook.Utility", "OnlineBook.Utility\OnlineBook.Utility.csproj", "{F0EA8003-B886-4C63-B0D1-DEFD29EDBD12}"
EndProject
Global
	GlobalSection(SolutionConfigurationPlatforms) = preSolution
		Debug|Any CPU = Debug|Any CPU
		Release|Any CPU = Release|Any CPU
	EndGlobalSection
	GlobalSection(ProjectConfigurationPlatforms) = postSolution
		{EB1CFD52-4B81-401E-AE46-52FC6FC1F1F6}.Debug|Any CPU.ActiveCfg = Debug|Any CPU
		{EB1CFD52-4B81-401E-AE46-52FC6FC1F1F6}.Debug|Any CPU.Build.0 = Debug|Any CPU
		{EB1CFD52-4B81-401E-AE46-52FC6FC1F1F6}.Release|Any CPU.ActiveCfg = Release|Any CPU
		{EB1CFD52-4B81-401E-AE46-52FC6FC1F1F6}.Release|Any CPU.Build.0 = Release|Any CPU
		{248C2F42-99EC-4090-A59F-3CF7FA8E1349}.Debug|Any CPU.ActiveCfg = Debug|Any CPU
		{248C2F42-99EC-4090-A59F-3CF7FA8E1349}.Debug|Any CPU.Build.0 = Debug|Any CPU
		{248C2F42-99EC-4090-A59F-3CF7FA8E1349}.Release|Any CPU.ActiveCfg = Release|Any CPU
		{248C2F42-99EC-4090-A59F-3CF7FA8E1349}.Release|Any CPU.Build.0 = Release|Any CPU
		{781FE5BB-644B-445B-B843-A42F8A464A02}.Debug|Any CPU.ActiveCfg = Debug|Any CPU
		{781FE5BB-644B-445B-B843-A42F8A464A02}.Debug|Any CPU.Build.0 = Debug|Any CPU
		{781FE5BB-644B-445B-B843-A42F8A464A02}.Release|Any CPU.ActiveCfg = Release|Any CPU
		{781FE5BB-644B-445B-B843-A42F8A464A02}.Release|Any CPU.Build.0 = Release|Any CPU
		{F0EA8003-B886-4C63-B0D1-DEFD29EDBD12}.Debug|Any CPU.ActiveCfg = Debug|Any CPU
		{F0EA8003-B886-4C63-B0D1-DEFD29EDBD12}.Debug|Any CPU.Build.0 = Debug|Any CPU
		{F0EA8003-B886-4C63-B0D1-DEFD29EDBD12}.Release|Any CPU.ActiveCfg = Release|Any CPU
		{F0EA8003-B886-4C63-B0D1-DEFD29EDBD12}.Release|Any CPU.Build.0 = Release|Any CPU
	EndGlobalSection
	GlobalSection(SolutionProperties) = preSolution
		HideSolutionNode = FALSE
	EndGlobalSection
	GlobalSection(ExtensibilityGlobals) = postSolution
		SolutionGuid = {6751B7A9-3F9E-4523-BA5D-E15AD403E318}
	EndGlobalSection
EndGlobal
